
Microsoft Visual Studio Solution File, Format Version 12.00
# Visual Studio Version 16
VisualStudioVersion = 16.0.29709.97
MinimumVisualStudioVersion = 10.0.40219.1
Project("{FAE04EC0-301F-11D3-BF4B-00C04F79EFBC}") = "GetDataSet", "GetDataSet\GetDataSet.csproj", "{BB894926-FB4C-4697-8566-B68842733B7F}"
EndProject
Project("{FAE04EC0-301F-11D3-BF4B-00C04F79EFBC}") = "GetDataSet.Lib", "GetDataSet.Lib\GetDataSet.Lib.csproj", "{7F3042FC-4164-4615-837D-1B1A69E8E66D}"
EndProject
Global
	GlobalSection(SolutionConfigurationPlatforms) = preSolution
		Debug|Any CPU = Debug|Any CPU
		Release|Any CPU = Release|Any CPU
	EndGlobalSection
	GlobalSection(ProjectConfigurationPlatforms) = postSolution
		{BB894926-FB4C-4697-8566-B68842733B7F}.Debug|Any CPU.ActiveCfg = Debug|Any CPU
		{BB894926-FB4C-4697-8566-B68842733B7F}.Debug|Any CPU.Build.0 = Debug|Any CPU
		{BB894926-FB4C-4697-8566-B68842733B7F}.Release|Any CPU.ActiveCfg = Release|Any CPU
		{BB894926-FB4C-4697-8566-B68842733B7F}.Release|Any CPU.Build.0 = Release|Any CPU
		{7F3042FC-4164-4615-837D-1B1A69E8E66D}.Debug|Any CPU.ActiveCfg = Debug|Any CPU
		{7F3042FC-4164-4615-837D-1B1A69E8E66D}.Debug|Any CPU.Build.0 = Debug|Any CPU
		{7F3042FC-4164-4615-837D-1B1A69E8E66D}.Release|Any CPU.ActiveCfg = Release|Any CPU
		{7F3042FC-4164-4615-837D-1B1A69E8E66D}.Release|Any CPU.Build.0 = Release|Any CPU
	EndGlobalSection
	GlobalSection(SolutionProperties) = preSolution
		HideSolutionNode = FALSE
	EndGlobalSection
	GlobalSection(ExtensibilityGlobals) = postSolution
		SolutionGuid = {24D81F62-6751-457E-97A6-641A730DC591}
	EndGlobalSection
EndGlobal
